
Microsoft Visual Studio Solution File, Format Version 12.00
# Visual Studio 15
VisualStudioVersion = 15.0.28010.2036
MinimumVisualStudioVersion = 10.0.40219.1
Project("{FAE04EC0-301F-11D3-BF4B-00C04F79EFBC}") = "Flagger", "src\Flagger\Flagger.csproj", "{E84250F6-8C5A-4F14-B356-3507FBF8673A}"
EndProject
Global
	GlobalSection(SolutionConfigurationPlatforms) = preSolution
		Debug|Any CPU = Debug|Any CPU
		Release|Any CPU = Release|Any CPU
	EndGlobalSection
	GlobalSection(ProjectConfigurationPlatforms) = postSolution
		{E84250F6-8C5A-4F14-B356-3507FBF8673A}.Debug|Any CPU.ActiveCfg = Debug|Any CPU
		{E84250F6-8C5A-4F14-B356-3507FBF8673A}.Debug|Any CPU.Build.0 = Debug|Any CPU
		{E84250F6-8C5A-4F14-B356-3507FBF8673A}.Release|Any CPU.ActiveCfg = Release|Any CPU
		{E84250F6-8C5A-4F14-B356-3507FBF8673A}.Release|Any CPU.Build.0 = Release|Any CPU
	EndGlobalSection
	GlobalSection(SolutionProperties) = preSolution
		HideSolutionNode = FALSE
	EndGlobalSection
	GlobalSection(ExtensibilityGlobals) = postSolution
		SolutionGuid = {5E166A5E-CD7D-47E5-B071-3FFB4822B22C}
	EndGlobalSection
EndGlobal
